
Microsoft Visual Studio Solution File, Format Version 11.00
# Visual Studio 2010
Project("{FAE04EC0-301F-11D3-BF4B-00C04F79EFBC}") = "Unity.RenderPipelines.Lightweight.Runtime", "Unity.RenderPipelines.Lightweight.Runtime.csproj", "{C3CD7918-6B50-C70B-FA7B-1ABBA04CE414}"
EndProject
Project("{FAE04EC0-301F-11D3-BF4B-00C04F79EFBC}") = "Assembly-CSharp", "Assembly-CSharp.csproj", "{B65FD6B5-A3D3-DA36-2D25-0F648E46B41F}"
EndProject
Project("{FAE04EC0-301F-11D3-BF4B-00C04F79EFBC}") = "Unity.RenderPipelines.Lightweight.Runtime.Tests", "Unity.RenderPipelines.Lightweight.Runtime.Tests.csproj", "{00E30657-AB55-03E4-EE1C-31F5C02532F9}"
EndProject
Project("{FAE04EC0-301F-11D3-BF4B-00C04F79EFBC}") = "Oculus.VR", "Oculus.VR.csproj", "{EA170BAB-102D-AABC-182C-FEED62261BF5}"
EndProject
Project("{FAE04EC0-301F-11D3-BF4B-00C04F79EFBC}") = "Assembly-CSharp-Editor", "Assembly-CSharp-Editor.csproj", "{46400E4D-66B2-B74C-C9CF-CBE185B2AE11}"
EndProject
Project("{FAE04EC0-301F-11D3-BF4B-00C04F79EFBC}") = "Unity.RenderPipelines.Lightweight.Editor", "Unity.RenderPipelines.Lightweight.Editor.csproj", "{76023700-E4A8-B6D0-05E8-FEA00FB42E85}"
EndProject
Project("{FAE04EC0-301F-11D3-BF4B-00C04F79EFBC}") = "Unity.RenderPipelines.Lightweight.Editor.Tests", "Unity.RenderPipelines.Lightweight.Editor.Tests.csproj", "{1952CDBC-050C-28A2-BC7F-79D6CD38955E}"
EndProject
Project("{FAE04EC0-301F-11D3-BF4B-00C04F79EFBC}") = "Oculus.VR.Scripts.Editor", "Oculus.VR.Scripts.Editor.csproj", "{64C51B5F-DA61-4B71-A5A2-70DD7F051B91}"
EndProject
Project("{FAE04EC0-301F-11D3-BF4B-00C04F79EFBC}") = "Oculus.VR.Editor", "Oculus.VR.Editor.csproj", "{B90A1E80-8232-0B6D-3F48-927AD2C7FC7A}"
EndProject
Global
	GlobalSection(SolutionConfigurationPlatforms) = preSolution
		Debug|Any CPU = Debug|Any CPU
		Release|Any CPU = Release|Any CPU
	EndGlobalSection
	GlobalSection(ProjectConfigurationPlatforms) = postSolution
		{C3CD7918-6B50-C70B-FA7B-1ABBA04CE414}.Debug|Any CPU.ActiveCfg = Debug|Any CPU
		{C3CD7918-6B50-C70B-FA7B-1ABBA04CE414}.Debug|Any CPU.Build.0 = Debug|Any CPU
		{C3CD7918-6B50-C70B-FA7B-1ABBA04CE414}.Release|Any CPU.ActiveCfg = Release|Any CPU
		{C3CD7918-6B50-C70B-FA7B-1ABBA04CE414}.Release|Any CPU.Build.0 = Release|Any CPU
		{B65FD6B5-A3D3-DA36-2D25-0F648E46B41F}.Debug|Any CPU.ActiveCfg = Debug|Any CPU
		{B65FD6B5-A3D3-DA36-2D25-0F648E46B41F}.Debug|Any CPU.Build.0 = Debug|Any CPU
		{B65FD6B5-A3D3-DA36-2D25-0F648E46B41F}.Release|Any CPU.ActiveCfg = Release|Any CPU
		{B65FD6B5-A3D3-DA36-2D25-0F648E46B41F}.Release|Any CPU.Build.0 = Release|Any CPU
		{00E30657-AB55-03E4-EE1C-31F5C02532F9}.Debug|Any CPU.ActiveCfg = Debug|Any CPU
		{00E30657-AB55-03E4-EE1C-31F5C02532F9}.Debug|Any CPU.Build.0 = Debug|Any CPU
		{00E30657-AB55-03E4-EE1C-31F5C02532F9}.Release|Any CPU.ActiveCfg = Release|Any CPU
		{00E30657-AB55-03E4-EE1C-31F5C02532F9}.Release|Any CPU.Build.0 = Release|Any CPU
		{EA170BAB-102D-AABC-182C-FEED62261BF5}.Debug|Any CPU.ActiveCfg = Debug|Any CPU
		{EA170BAB-102D-AABC-182C-FEED62261BF5}.Debug|Any CPU.Build.0 = Debug|Any CPU
		{EA170BAB-102D-AABC-182C-FEED62261BF5}.Release|Any CPU.ActiveCfg = Release|Any CPU
		{EA170BAB-102D-AABC-182C-FEED62261BF5}.Release|Any CPU.Build.0 = Release|Any CPU
		{46400E4D-66B2-B74C-C9CF-CBE185B2AE11}.Debug|Any CPU.ActiveCfg = Debug|Any CPU
		{46400E4D-66B2-B74C-C9CF-CBE185B2AE11}.Debug|Any CPU.Build.0 = Debug|Any CPU
		{46400E4D-66B2-B74C-C9CF-CBE185B2AE11}.Release|Any CPU.ActiveCfg = Release|Any CPU
		{46400E4D-66B2-B74C-C9CF-CBE185B2AE11}.Release|Any CPU.Build.0 = Release|Any CPU
		{76023700-E4A8-B6D0-05E8-FEA00FB42E85}.Debug|Any CPU.ActiveCfg = Debug|Any CPU
		{76023700-E4A8-B6D0-05E8-FEA00FB42E85}.Debug|Any CPU.Build.0 = Debug|Any CPU
		{76023700-E4A8-B6D0-05E8-FEA00FB42E85}.Release|Any CPU.ActiveCfg = Release|Any CPU
		{76023700-E4A8-B6D0-05E8-FEA00FB42E85}.Release|Any CPU.Build.0 = Release|Any CPU
		{1952CDBC-050C-28A2-BC7F-79D6CD38955E}.Debug|Any CPU.ActiveCfg = Debug|Any CPU
		{1952CDBC-050C-28A2-BC7F-79D6CD38955E}.Debug|Any CPU.Build.0 = Debug|Any CPU
		{1952CDBC-050C-28A2-BC7F-79D6CD38955E}.Release|Any CPU.ActiveCfg = Release|Any CPU
		{1952CDBC-050C-28A2-BC7F-79D6CD38955E}.Release|Any CPU.Build.0 = Release|Any CPU
		{64C51B5F-DA61-4B71-A5A2-70DD7F051B91}.Debug|Any CPU.ActiveCfg = Debug|Any CPU
		{64C51B5F-DA61-4B71-A5A2-70DD7F051B91}.Debug|Any CPU.Build.0 = Debug|Any CPU
		{64C51B5F-DA61-4B71-A5A2-70DD7F051B91}.Release|Any CPU.ActiveCfg = Release|Any CPU
		{64C51B5F-DA61-4B71-A5A2-70DD7F051B91}.Release|Any CPU.Build.0 = Release|Any CPU
		{B90A1E80-8232-0B6D-3F48-927AD2C7FC7A}.Debug|Any CPU.ActiveCfg = Debug|Any CPU
		{B90A1E80-8232-0B6D-3F48-927AD2C7FC7A}.Debug|Any CPU.Build.0 = Debug|Any CPU
		{B90A1E80-8232-0B6D-3F48-927AD2C7FC7A}.Release|Any CPU.ActiveCfg = Release|Any CPU
		{B90A1E80-8232-0B6D-3F48-927AD2C7FC7A}.Release|Any CPU.Build.0 = Release|Any CPU
	EndGlobalSection
	GlobalSection(SolutionProperties) = preSolution
		HideSolutionNode = FALSE
	EndGlobalSection
EndGlobal
